Microsoft Visual Studio Solution File, Format Version 12.00
# Visual Studio Version 17
VisualStudioVersion = 17.5.2.0
MinimumVisualStudioVersion = 10.0.40219.1
Project("{FAE04EC0-301F-11D3-BF4B-00C04F79EFBC}") = "SmartBorrowLK", "SmartBorrowLK.csproj", "{3434B53B-22D2-F822-395C-B4777AEB3BDE}"
EndProject
Global
	GlobalSection(SolutionConfigurationPlatforms) = preSolution
		Debug|Any CPU = Debug|Any CPU
		Release|Any CPU = Release|Any CPU
	EndGlobalSection
	GlobalSection(ProjectConfigurationPlatforms) = postSolution
		{3434B53B-22D2-F822-395C-B4777AEB3BDE}.Debug|Any CPU.ActiveCfg = Debug|Any CPU
		{3434B53B-22D2-F822-395C-B4777AEB3BDE}.Debug|Any CPU.Build.0 = Debug|Any CPU
		{3434B53B-22D2-F822-395C-B4777AEB3BDE}.Release|Any CPU.ActiveCfg = Release|Any CPU
		{3434B53B-22D2-F822-395C-B4777AEB3BDE}.Release|Any CPU.Build.0 = Release|Any CPU
	EndGlobalSection
	GlobalSection(SolutionProperties) = preSolution
		HideSolutionNode = FALSE
	EndGlobalSection
	GlobalSection(ExtensibilityGlobals) = postSolution
		SolutionGuid = {DFF6C87D-F937-4CA3-AC94-2D2A31253884}
	EndGlobalSection
EndGlobal
